
Microsoft Visual Studio Solution File, Format Version 12.00
# Visual Studio Version 17
VisualStudioVersion = 17.9.34607.119
MinimumVisualStudioVersion = 10.0.40219.1
Project("{9A19103F-16F7-4668-BE54-9A1E7A4F7556}") = "FinalProject", "FinalProject.csproj", "{A58D7716-4D52-49D8-B501-67404DEE8392}"
EndProject
Global
	GlobalSection(SolutionConfigurationPlatforms) = preSolution
		Debug|Any CPU = Debug|Any CPU
		Release|Any CPU = Release|Any CPU
	EndGlobalSection
	GlobalSection(ProjectConfigurationPlatforms) = postSolution
		{A58D7716-4D52-49D8-B501-67404DEE8392}.Debug|Any CPU.ActiveCfg = Debug|Any CPU
		{A58D7716-4D52-49D8-B501-67404DEE8392}.Debug|Any CPU.Build.0 = Debug|Any CPU
		{A58D7716-4D52-49D8-B501-67404DEE8392}.Release|Any CPU.ActiveCfg = Release|Any CPU
		{A58D7716-4D52-49D8-B501-67404DEE8392}.Release|Any CPU.Build.0 = Release|Any CPU
	EndGlobalSection
	GlobalSection(SolutionProperties) = preSolution
		HideSolutionNode = FALSE
	EndGlobalSection
	GlobalSection(ExtensibilityGlobals) = postSolution
		SolutionGuid = {0557B4DD-8DF2-48DE-AC7B-7FB1F5E93A4D}
	EndGlobalSection
EndGlobal
